// !$*UTF8*$!
{
	archiveVersion = 1;
	classes = {
	};
	objectVersion = 50;
	objects = {

/* Begin PBXBuildFile section */
		04118A1522AA7E0500C4D94E /* InfoPlist.strings in Resources */ = {isa = PBXBuildFile; fileRef = 04118A1722AA7E0500C4D94E /* InfoPlist.strings */; };
		7C1EC5EB292959B61CC11BB5 /* Pods_Tweaker.framework in Frameworks */ = {isa = PBXBuildFile; fileRef = 546D4B5972CE967C97CFEE39 /* Pods_Tweaker.framework */; };
		AB04C51D22A4436000B29F0C /* CardDetails.swift in Sources */ = {isa = PBXBuildFile; fileRef = AB04C51C22A4436000B29F0C /* CardDetails.swift */; };
		AB081F95229D4BDC00ACA4DD /* AppDelegate.swift in Sources */ = {isa = PBXBuildFile; fileRef = AB081F94229D4BDC00ACA4DD /* AppDelegate.swift */; };
		AB081F9C229D4BDD00ACA4DD /* AppIcons.xcassets in Resources */ = {isa = PBXBuildFile; fileRef = AB081F9B229D4BDD00ACA4DD /* AppIcons.xcassets */; };
		AB1461AE22A26AD500C031FE /* LKASMultiAppsRiver.swift in Sources */ = {isa = PBXBuildFile; fileRef = AB1461AD22A26AD500C031FE /* LKASMultiAppsRiver.swift */; };
		AB198F81229EDC74003A78BE /* CommonOperator.swift in Sources */ = {isa = PBXBuildFile; fileRef = AB198F80229EDC74003A78BE /* CommonOperator.swift */; };
		AB198F83229EDEB8003A78BE /* OperatorNewsRepo.swift in Sources */ = {isa = PBXBuildFile; fileRef = AB198F82229EDEB8003A78BE /* OperatorNewsRepo.swift */; };
		AB1DB1C822A36A180005DDD7 /* CardButton.swift in Sources */ = {isa = PBXBuildFile; fileRef = AB1DB1C722A36A180005DDD7 /* CardButton.swift */; };
		AB53B64F22A021D800492BAB /* CardCreate.swift in Sources */ = {isa = PBXBuildFile; fileRef = AB53B64E22A021D800492BAB /* CardCreate.swift */; };
		ABC2C89322A5AC0C005E2F8F /* UIHommyL.swift in Sources */ = {isa = PBXBuildFile; fileRef = ABC2C89222A5AC0C005E2F8F /* UIHommyL.swift */; };
		ABE6DCF4229E8C2A00D18D9E /* DMNewsCards.swift in Sources */ = {isa = PBXBuildFile; fileRef = ABE6DCF3229E8C2A00D18D9E /* DMNewsCards.swift */; };
		ABE6DCF6229E8C5300D18D9E /* DMCommon.swift in Sources */ = {isa = PBXBuildFile; fileRef = ABE6DCF5229E8C5300D18D9E /* DMCommon.swift */; };
		ABE6DCF8229E8F1200D18D9E /* CardTypeControl.swift in Sources */ = {isa = PBXBuildFile; fileRef = ABE6DCF7229E8F1200D18D9E /* CardTypeControl.swift */; };
		ABE6DD01229EBBB600D18D9E /* UIManageS.swift in Sources */ = {isa = PBXBuildFile; fileRef = ABE6DD00229EBBB600D18D9E /* UIManageS.swift */; };
		ABE6DD03229ECC2700D18D9E /* DMNewsRepos.swift in Sources */ = {isa = PBXBuildFile; fileRef = ABE6DD02229ECC2700D18D9E /* DMNewsRepos.swift */; };
		ABE6DD05229ED2A000D18D9E /* DMSettings.swift in Sources */ = {isa = PBXBuildFile; fileRef = ABE6DD04229ED2A000D18D9E /* DMSettings.swift */; };
		ABFBA7EA229D6DF70070A17E /* TabBars.xcassets in Resources */ = {isa = PBXBuildFile; fileRef = ABFBA7E9229D6DF70070A17E /* TabBars.xcassets */; };
		ABFBA7F0229D700F0070A17E /* UIEnteryS.swift in Sources */ = {isa = PBXBuildFile; fileRef = ABFBA7EF229D700F0070A17E /* UIEnteryS.swift */; };
		ABFBA7F3229D78720070A17E /* UIEnteryL.swift in Sources */ = {isa = PBXBuildFile; fileRef = ABFBA7F1229D70120070A17E /* UIEnteryL.swift */; };
		ABFBA7FF229D7B3D0070A17E /* LaunchScreen.storyboard in Resources */ = {isa = PBXBuildFile; fileRef = ABFBA801229D7B3D0070A17E /* LaunchScreen.storyboard */; };
		ABFBA802229D7B460070A17E /* Main_iPad.storyboard in Resources */ = {isa = PBXBuildFile; fileRef = ABFBA804229D7B460070A17E /* Main_iPad.storyboard */; };
		ABFBA805229D7B4F0070A17E /* Main_iPhone.storyboard in Resources */ = {isa = PBXBuildFile; fileRef = ABFBA807229D7B4F0070A17E /* Main_iPhone.storyboard */; };
		ABFBA818229D7DC40070A17E /* Global.swift in Sources */ = {isa = PBXBuildFile; fileRef = ABFBA80E229D7DC40070A17E /* Global.swift */; };
		ABFBA819229D7DC40070A17E /* UITableViewExtensions.swift in Sources */ = {isa = PBXBuildFile; fileRef = ABFBA80F229D7DC40070A17E /* UITableViewExtensions.swift */; };
		ABFBA81A229D7DC40070A17E /* StringExtensions.swift in Sources */ = {isa = PBXBuildFile; fileRef = ABFBA810229D7DC40070A17E /* StringExtensions.swift */; };
		ABFBA81B229D7DC40070A17E /* UIViewControllerExtensions.swift in Sources */ = {isa = PBXBuildFile; fileRef = ABFBA811229D7DC40070A17E /* UIViewControllerExtensions.swift */; };
		ABFBA81C229D7DC40070A17E /* UIImageExtensions.swift in Sources */ = {isa = PBXBuildFile; fileRef = ABFBA812229D7DC40070A17E /* UIImageExtensions.swift */; };
		ABFBA81D229D7DC40070A17E /* UINavigationControllerExtensions.swift in Sources */ = {isa = PBXBuildFile; fileRef = ABFBA813229D7DC40070A17E /* UINavigationControllerExtensions.swift */; };
		ABFBA81E229D7DC40070A17E /* UIViewExtensions.swift in Sources */ = {isa = PBXBuildFile; fileRef = ABFBA814229D7DC40070A17E /* UIViewExtensions.swift */; };
		ABFBA81F229D7DC40070A17E /* UILabelExtensions.swift in Sources */ = {isa = PBXBuildFile; fileRef = ABFBA815229D7DC40070A17E /* UILabelExtensions.swift */; };
		ABFBA820229D7DC40070A17E /* UIDeviceExtensions.swift in Sources */ = {isa = PBXBuildFile; fileRef = ABFBA816229D7DC40070A17E /* UIDeviceExtensions.swift */; };
		ABFBA821229D7DC40070A17E /* UIColorExtensions.swift in Sources */ = {isa = PBXBuildFile; fileRef = ABFBA817229D7DC40070A17E /* UIColorExtensions.swift */; };
		ABFBA824229D801E0070A17E /* LKHeader.swift in Sources */ = {isa = PBXBuildFile; fileRef = ABFBA823229D801E0070A17E /* LKHeader.swift */; };
		ABFBA82A229D833B0070A17E /* CommonContainer.swift in Sources */ = {isa = PBXBuildFile; fileRef = ABFBA829229D833B0070A17E /* CommonContainer.swift */; };
		ABFBA82C229D84D50070A17E /* ApplicationSupport.xcassets in Resources */ = {isa = PBXBuildFile; fileRef = ABFBA82B229D84D50070A17E /* ApplicationSupport.xcassets */; };
		ABFBA830229D87170070A17E /* ColorSheetCommon.swift in Sources */ = {isa = PBXBuildFile; fileRef = ABFBA82F229D87170070A17E /* ColorSheetCommon.swift */; };
		ABFBA832229D88790070A17E /* AppRootClass.swift in Sources */ = {isa = PBXBuildFile; fileRef = ABFBA831229D88790070A17E /* AppRootClass.swift */; };
		ABFBA835229D8DC70070A17E /* Localizable.strings in Resources */ = {isa = PBXBuildFile; fileRef = ABFBA837229D8DC70070A17E /* Localizable.strings */; };
		ABFBA83A229D943C0070A17E /* UIHommyS.swift in Sources */ = {isa = PBXBuildFile; fileRef = ABFBA839229D943C0070A17E /* UIHommyS.swift */; };
		ABFBA83C229D99EB0070A17E /* AppUserClass.swift in Sources */ = {isa = PBXBuildFile; fileRef = ABFBA83B229D99EB0070A17E /* AppUserClass.swift */; };
		B4046A6522DE2FAE00DF3835 /* LKItemListViewController.swift in Sources */ = {isa = PBXBuildFile; fileRef = B4046A6422DE2FAE00DF3835 /* LKItemListViewController.swift */; };
		B40B4C1E22D75E7000373449 /* LKIconGroupDetailView_PackageRepoSP.swift in Sources */ = {isa = PBXBuildFile; fileRef = B40B4C1D22D75E7000373449 /* LKIconGroupDetailView_PackageRepoSP.swift */; };
		B40B4C2022D7637600373449 /* DMPackageRepos.swift in Sources */ = {isa = PBXBuildFile; fileRef = B40B4C1F22D7637600373449 /* DMPackageRepos.swift */; };
		B40B4C2222D769D200373449 /* OperatorPackageRepo.swift in Sources */ = {isa = PBXBuildFile; fileRef = B40B4C2122D769D200373449 /* OperatorPackageRepo.swift */; };
		B411A85F22DBD617004CB35B /* LKIconGroupDetailView_Settings.swift in Sources */ = {isa = PBXBuildFile; fileRef = B411A85E22DBD617004CB35B /* LKIconGroupDetailView_Settings.swift */; };
		B411A86322DBF0F0004CB35B /* UIAlertControllerExtensions.swift in Sources */ = {isa = PBXBuildFile; fileRef = B411A86222DBF0F0004CB35B /* UIAlertControllerExtensions.swift */; };
		B411A86922DBFE15004CB35B /* StatusAlertDark.swift in Sources */ = {isa = PBXBuildFile; fileRef = B411A86722DBFE15004CB35B /* StatusAlertDark.swift */; };
		B411A86A22DBFE15004CB35B /* StatusAlertDarkUtils.swift in Sources */ = {isa = PBXBuildFile; fileRef = B411A86822DBFE15004CB35B /* StatusAlertDarkUtils.swift */; };
		B42C289A22D30616002B1A96 /* LKIconGroupDetailView_NewsRepoSP.swift in Sources */ = {isa = PBXBuildFile; fileRef = B42C289922D30616002B1A96 /* LKIconGroupDetailView_NewsRepoSP.swift */; };
		B42C289C22D30630002B1A96 /* LKIconStack.swift in Sources */ = {isa = PBXBuildFile; fileRef = B42C289B22D30630002B1A96 /* LKIconStack.swift */; };
		B42C289E22D30DC4002B1A96 /* LKIconTVCell.swift in Sources */ = {isa = PBXBuildFile; fileRef = B42C289D22D30DC4002B1A96 /* LKIconTVCell.swift */; };
		B4304F1D22DDDC2400E98E22 /* OperatorGetInstalledInfo.swift in Sources */ = {isa = PBXBuildFile; fileRef = B4304F1C22DDDC2400E98E22 /* OperatorGetInstalledInfo.swift */; };
		B439A8C422D9AE0700E1D577 /* LKActiveShineCell.swift in Sources */ = {isa = PBXBuildFile; fileRef = B439A8C322D9AE0700E1D577 /* LKActiveShineCell.swift */; };
		B46EE49D22D60C6D000C6F6D /* LKResponderBlockButton.swift in Sources */ = {isa = PBXBuildFile; fileRef = B46EE49C22D60C6C000C6F6D /* LKResponderBlockButton.swift */; };
		B46EE49F22D611CD000C6F6D /* LKRepoView.swift in Sources */ = {isa = PBXBuildFile; fileRef = B46EE49E22D611CD000C6F6D /* LKRepoView.swift */; };
		B470FA9222D4515700C4A215 /* LKButtonStackTVCell.swift in Sources */ = {isa = PBXBuildFile; fileRef = B470FA9122D4515700C4A215 /* LKButtonStackTVCell.swift */; };
		B48731FF22D6558500BADE62 /* UIManageL.swift in Sources */ = {isa = PBXBuildFile; fileRef = B48731FE22D6558500BADE62 /* UIManageL.swift */; };
		B493CC2522DB44F800D31A47 /* UISearchS.swift in Sources */ = {isa = PBXBuildFile; fileRef = B493CC2422DB44F800D31A47 /* UISearchS.swift */; };
		B493CC2722DB4B6700D31A47 /* LKSearchView.swift in Sources */ = {isa = PBXBuildFile; fileRef = B493CC2622DB4B6700D31A47 /* LKSearchView.swift */; };
		B493CC2B22DB519B00D31A47 /* OperatorGetPackageInfo.swift in Sources */ = {isa = PBXBuildFile; fileRef = B493CC2A22DB519B00D31A47 /* OperatorGetPackageInfo.swift */; };
		B4A00EC022DA417000A9D9C1 /* DMPackages.swift in Sources */ = {isa = PBXBuildFile; fileRef = B4A00EBF22DA417000A9D9C1 /* DMPackages.swift */; };
		B4EEB8D422DCCAA000477E39 /* LKIconGroupDetailView_RecentUpdate.swift in Sources */ = {isa = PBXBuildFile; fileRef = B4EEB8D322DCCAA000477E39 /* LKIconGroupDetailView_RecentUpdate.swift */; };
		B4EEB8D622DCDECF00477E39 /* LKIconGroupDetailView_RecentInstalled.swift in Sources */ = {isa = PBXBuildFile; fileRef = B4EEB8D522DCDECF00477E39 /* LKIconGroupDetailView_RecentInstalled.swift */; };
		B4EEB8D822DCE3A000477E39 /* LKIconGroupDetailView_RandomPackage.swift in Sources */ = {isa = PBXBuildFile; fileRef = B4EEB8D722DCE3A000477E39 /* LKIconGroupDetailView_RandomPackage.swift */; };
		B4EEB8DA22DCE60B00477E39 /* AppTapp.xcassets in Resources */ = {isa = PBXBuildFile; fileRef = B4EEB8D922DCE60B00477E39 /* AppTapp.xcassets */; };
		B4EEB94B22DCF9F800477E39 /* LKNonWorkSearchBar.swift in Sources */ = {isa = PBXBuildFile; fileRef = B4EEB94A22DCF9F800477E39 /* LKNonWorkSearchBar.swift */; };
/* End PBXBuildFile section */

/* Begin PBXFileReference section */
		04118A1622AA7E0500C4D94E /* zh-Hans */ = {isa = PBXFileReference; lastKnownFileType = text.plist.strings; name = "zh-Hans"; path = "zh-Hans.lproj/InfoPlist.strings"; sourceTree = "<group>"; };
		04118A1822AA7E0800C4D94E /* en */ = {isa = PBXFileReference; lastKnownFileType = text.plist.strings; name = en; path = en.lproj/InfoPlist.strings; sourceTree = "<group>"; };
		04118A1B22AA7EDD00C4D94E /* Info.plist */ = {isa = PBXFileReference; fileEncoding = 4; lastKnownFileType = text.plist.xml; path = Info.plist; sourceTree = "<group>"; };
		546D4B5972CE967C97CFEE39 /* Pods_Tweaker.framework */ = {isa = PBXFileReference; explicitFileType = wrapper.framework; includeInIndex = 0; path = Pods_Tweaker.framework; sourceTree = BUILT_PRODUCTS_DIR; };
		722A7FEC3BC40B5C09F0D0FB /* Pods-Tweaker.debug.xcconfig */ = {isa = PBXFileReference; includeInIndex = 1; lastKnownFileType = text.xcconfig; name = "Pods-Tweaker.debug.xcconfig"; path = "Target Support Files/Pods-Tweaker/Pods-Tweaker.debug.xcconfig"; sourceTree = "<group>"; };
		AB04C51C22A4436000B29F0C /* CardDetails.swift */ = {isa = PBXFileReference; lastKnownFileType = sourcecode.swift; path = CardDetails.swift; sourceTree = "<group>"; };
		AB081F91229D4BDC00ACA4DD /* Tweaker.app */ = {isa = PBXFileReference; explicitFileType = wrapper.application; includeInIndex = 0; path = Tweaker.app; sourceTree = BUILT_PRODUCTS_DIR; };
		AB081F94229D4BDC00ACA4DD /* AppDelegate.swift */ = {isa = PBXFileReference; lastKnownFileType = sourcecode.swift; path = AppDelegate.swift; sourceTree = "<group>"; };
		AB081F9B229D4BDD00ACA4DD /* AppIcons.xcassets */ = {isa = PBXFileReference; lastKnownFileType = folder.assetcatalog; path = AppIcons.xcassets; sourceTree = "<group>"; };
		AB1461AD22A26AD500C031FE /* LKASMultiAppsRiver.swift */ = {isa = PBXFileReference; fileEncoding = 4; lastKnownFileType = sourcecode.swift; path = LKASMultiAppsRiver.swift; sourceTree = "<group>"; };
		AB198F80229EDC74003A78BE /* CommonOperator.swift */ = {isa = PBXFileReference; lastKnownFileType = sourcecode.swift; path = CommonOperator.swift; sourceTree = "<group>"; };
		AB198F82229EDEB8003A78BE /* OperatorNewsRepo.swift */ = {isa = PBXFileReference; lastKnownFileType = sourcecode.swift; path = OperatorNewsRepo.swift; sourceTree = "<group>"; };
		AB1DB1C722A36A180005DDD7 /* CardButton.swift */ = {isa = PBXFileReference; lastKnownFileType = sourcecode.swift; path = CardButton.swift; sourceTree = "<group>"; };
		AB53B64E22A021D800492BAB /* CardCreate.swift */ = {isa = PBXFileReference; lastKnownFileType = sourcecode.swift; path = CardCreate.swift; sourceTree = "<group>"; };
		ABC2C89222A5AC0C005E2F8F /* UIHommyL.swift */ = {isa = PBXFileReference; lastKnownFileType = sourcecode.swift; path = UIHommyL.swift; sourceTree = "<group>"; };
		ABE6DCF3229E8C2A00D18D9E /* DMNewsCards.swift */ = {isa = PBXFileReference; lastKnownFileType = sourcecode.swift; path = DMNewsCards.swift; sourceTree = "<group>"; };
		ABE6DCF5229E8C5300D18D9E /* DMCommon.swift */ = {isa = PBXFileReference; lastKnownFileType = sourcecode.swift; path = DMCommon.swift; sourceTree = "<group>"; };
		ABE6DCF7229E8F1200D18D9E /* CardTypeControl.swift */ = {isa = PBXFileReference; lastKnownFileType = sourcecode.swift; path = CardTypeControl.swift; sourceTree = "<group>"; };
		ABE6DD00229EBBB600D18D9E /* UIManageS.swift */ = {isa = PBXFileReference; lastKnownFileType = sourcecode.swift; path = UIManageS.swift; sourceTree = "<group>"; };
		ABE6DD02229ECC2700D18D9E /* DMNewsRepos.swift */ = {isa = PBXFileReference; lastKnownFileType = sourcecode.swift; path = DMNewsRepos.swift; sourceTree = "<group>"; };
		ABE6DD04229ED2A000D18D9E /* DMSettings.swift */ = {isa = PBXFileReference; lastKnownFileType = sourcecode.swift; path = DMSettings.swift; sourceTree = "<group>"; };
		ABFBA7E9229D6DF70070A17E /* TabBars.xcassets */ = {isa = PBXFileReference; lastKnownFileType = folder.assetcatalog; path = TabBars.xcassets; sourceTree = "<group>"; };
		ABFBA7EF229D700F0070A17E /* UIEnteryS.swift */ = {isa = PBXFileReference; lastKnownFileType = sourcecode.swift; path = UIEnteryS.swift; sourceTree = "<group>"; };
		ABFBA7F1229D70120070A17E /* UIEnteryL.swift */ = {isa = PBXFileReference; lastKnownFileType = sourcecode.swift; path = UIEnteryL.swift; sourceTree = "<group>"; };
		ABFBA800229D7B3D0070A17E /* Base */ = {isa = PBXFileReference; lastKnownFileType = file.storyboard; name = Base; path = Base.lproj/LaunchScreen.storyboard; sourceTree = "<group>"; };
		ABFBA803229D7B460070A17E /* Base */ = {isa = PBXFileReference; lastKnownFileType = file.storyboard; name = Base; path = Base.lproj/Main_iPad.storyboard; sourceTree = "<group>"; };
		ABFBA806229D7B4F0070A17E /* Base */ = {isa = PBXFileReference; lastKnownFileType = file.storyboard; name = Base; path = Base.lproj/Main_iPhone.storyboard; sourceTree = "<group>"; };
		ABFBA80B229D7B580070A17E /* zh-Hans */ = {isa = PBXFileReference; lastKnownFileType = text.plist.strings; name = "zh-Hans"; path = "zh-Hans.lproj/Main_iPhone.strings"; sourceTree = "<group>"; };
		ABFBA80C229D7B5F0070A17E /* zh-Hans */ = {isa = PBXFileReference; lastKnownFileType = text.plist.strings; name = "zh-Hans"; path = "zh-Hans.lproj/Main_iPad.strings"; sourceTree = "<group>"; };
		ABFBA80E229D7DC40070A17E /* Global.swift */ = {isa = PBXFileReference; fileEncoding = 4; lastKnownFileType = sourcecode.swift; path = Global.swift; sourceTree = "<group>"; };
		ABFBA80F229D7DC40070A17E /* UITableViewExtensions.swift */ = {isa = PBXFileReference; fileEncoding = 4; lastKnownFileType = sourcecode.swift; path = UITableViewExtensions.swift; sourceTree = "<group>"; };
		ABFBA810229D7DC40070A17E /* StringExtensions.swift */ = {isa = PBXFileReference; fileEncoding = 4; lastKnownFileType = sourcecode.swift; path = StringExtensions.swift; sourceTree = "<group>"; };
		ABFBA811229D7DC40070A17E /* UIViewControllerExtensions.swift */ = {isa = PBXFileReference; fileEncoding = 4; lastKnownFileType = sourcecode.swift; path = UIViewControllerExtensions.swift; sourceTree = "<group>"; };
		ABFBA812229D7DC40070A17E /* UIImageExtensions.swift */ = {isa = PBXFileReference; fileEncoding = 4; lastKnownFileType = sourcecode.swift; path = UIImageExtensions.swift; sourceTree = "<group>"; };
		ABFBA813229D7DC40070A17E /* UINavigationControllerExtensions.swift */ = {isa = PBXFileReference; fileEncoding = 4; lastKnownFileType = sourcecode.swift; path = UINavigationControllerExtensions.swift; sourceTree = "<group>"; };
		ABFBA814229D7DC40070A17E /* UIViewExtensions.swift */ = {isa = PBXFileReference; fileEncoding = 4; lastKnownFileType = sourcecode.swift; path = UIViewExtensions.swift; sourceTree = "<group>"; };
		ABFBA815229D7DC40070A17E /* UILabelExtensions.swift */ = {isa = PBXFileReference; fileEncoding = 4; lastKnownFileType = sourcecode.swift; path = UILabelExtensions.swift; sourceTree = "<group>"; };
		ABFBA816229D7DC40070A17E /* UIDeviceExtensions.swift */ = {isa = PBXFileReference; fileEncoding = 4; lastKnownFileType = sourcecode.swift; path = UIDeviceExtensions.swift; sourceTree = "<group>"; };
		ABFBA817229D7DC40070A17E /* UIColorExtensions.swift */ = {isa = PBXFileReference; fileEncoding = 4; lastKnownFileType = sourcecode.swift; path = UIColorExtensions.swift; sourceTree = "<group>"; };
		ABFBA823229D801E0070A17E /* LKHeader.swift */ = {isa = PBXFileReference; lastKnownFileType = sourcecode.swift; path = LKHeader.swift; sourceTree = "<group>"; };
		ABFBA829229D833B0070A17E /* CommonContainer.swift */ = {isa = PBXFileReference; lastKnownFileType = sourcecode.swift; path = CommonContainer.swift; sourceTree = "<group>"; };
		ABFBA82B229D84D50070A17E /* ApplicationSupport.xcassets */ = {isa = PBXFileReference; lastKnownFileType = folder.assetcatalog; path = ApplicationSupport.xcassets; sourceTree = "<group>"; };
		ABFBA82F229D87170070A17E /* ColorSheetCommon.swift */ = {isa = PBXFileReference; lastKnownFileType = sourcecode.swift; path = ColorSheetCommon.swift; sourceTree = "<group>"; };
		ABFBA831229D88790070A17E /* AppRootClass.swift */ = {isa = PBXFileReference; lastKnownFileType = sourcecode.swift; path = AppRootClass.swift; sourceTree = "<group>"; };
		ABFBA836229D8DC70070A17E /* zh-Hans */ = {isa = PBXFileReference; lastKnownFileType = text.plist.strings; name = "zh-Hans"; path = "zh-Hans.lproj/Localizable.strings"; sourceTree = "<group>"; };
		ABFBA838229D8E3A0070A17E /* en */ = {isa = PBXFileReference; lastKnownFileType = text.plist.strings; name = en; path = en.lproj/Localizable.strings; sourceTree = "<group>"; };
		ABFBA839229D943C0070A17E /* UIHommyS.swift */ = {isa = PBXFileReference; lastKnownFileType = sourcecode.swift; path = UIHommyS.swift; sourceTree = "<group>"; };
		ABFBA83B229D99EB0070A17E /* AppUserClass.swift */ = {isa = PBXFileReference; lastKnownFileType = sourcecode.swift; path = AppUserClass.swift; sourceTree = "<group>"; };
		B4046A6422DE2FAE00DF3835 /* LKItemListViewController.swift */ = {isa = PBXFileReference; lastKnownFileType = sourcecode.swift; path = LKItemListViewController.swift; sourceTree = "<group>"; };
		B40B4C1D22D75E7000373449 /* LKIconGroupDetailView_PackageRepoSP.swift */ = {isa = PBXFileReference; lastKnownFileType = sourcecode.swift; path = LKIconGroupDetailView_PackageRepoSP.swift; sourceTree = "<group>"; };
		B40B4C1F22D7637600373449 /* DMPackageRepos.swift */ = {isa = PBXFileReference; lastKnownFileType = sourcecode.swift; path = DMPackageRepos.swift; sourceTree = "<group>"; };
		B40B4C2122D769D200373449 /* OperatorPackageRepo.swift */ = {isa = PBXFileReference; lastKnownFileType = sourcecode.swift; path = OperatorPackageRepo.swift; sourceTree = "<group>"; };
		B411A85E22DBD617004CB35B /* LKIconGroupDetailView_Settings.swift */ = {isa = PBXFileReference; lastKnownFileType = sourcecode.swift; path = LKIconGroupDetailView_Settings.swift; sourceTree = "<group>"; };
		B411A86222DBF0F0004CB35B /* UIAlertControllerExtensions.swift */ = {isa = PBXFileReference; lastKnownFileType = sourcecode.swift; path = UIAlertControllerExtensions.swift; sourceTree = "<group>"; };
		B411A86722DBFE15004CB35B /* StatusAlertDark.swift */ = {isa = PBXFileReference; fileEncoding = 4; lastKnownFileType = sourcecode.swift; path = StatusAlertDark.swift; sourceTree = "<group>"; };
		B411A86822DBFE15004CB35B /* StatusAlertDarkUtils.swift */ = {isa = PBXFileReference; fileEncoding = 4; lastKnownFileType = sourcecode.swift; path = StatusAlertDarkUtils.swift; sourceTree = "<group>"; };
		B42C289922D30616002B1A96 /* LKIconGroupDetailView_NewsRepoSP.swift */ = {isa = PBXFileReference; lastKnownFileType = sourcecode.swift; path = LKIconGroupDetailView_NewsRepoSP.swift; sourceTree = "<group>"; };
		B42C289B22D30630002B1A96 /* LKIconStack.swift */ = {isa = PBXFileReference; lastKnownFileType = sourcecode.swift; path = LKIconStack.swift; sourceTree = "<group>"; };
		B42C289D22D30DC4002B1A96 /* LKIconTVCell.swift */ = {isa = PBXFileReference; lastKnownFileType = sourcecode.swift; path = LKIconTVCell.swift; sourceTree = "<group>"; };
		B4304F1C22DDDC2400E98E22 /* OperatorGetInstalledInfo.swift */ = {isa = PBXFileReference; lastKnownFileType = sourcecode.swift; path = OperatorGetInstalledInfo.swift; sourceTree = "<group>"; };
		B439A8C322D9AE0700E1D577 /* LKActiveShineCell.swift */ = {isa = PBXFileReference; lastKnownFileType = sourcecode.swift; path = LKActiveShineCell.swift; sourceTree = "<group>"; };
		B46EE49C22D60C6C000C6F6D /* LKResponderBlockButton.swift */ = {isa = PBXFileReference; lastKnownFileType = sourcecode.swift; path = LKResponderBlockButton.swift; sourceTree = "<group>"; };
		B46EE49E22D611CD000C6F6D /* LKRepoView.swift */ = {isa = PBXFileReference; lastKnownFileType = sourcecode.swift; path = LKRepoView.swift; sourceTree = "<group>"; };
		B470FA9122D4515700C4A215 /* LKButtonStackTVCell.swift */ = {isa = PBXFileReference; lastKnownFileType = sourcecode.swift; path = LKButtonStackTVCell.swift; sourceTree = "<group>"; };
		B48731FE22D6558500BADE62 /* UIManageL.swift */ = {isa = PBXFileReference; lastKnownFileType = sourcecode.swift; path = UIManageL.swift; sourceTree = "<group>"; };
		B493CC2422DB44F800D31A47 /* UISearchS.swift */ = {isa = PBXFileReference; lastKnownFileType = sourcecode.swift; path = UISearchS.swift; sourceTree = "<group>"; };
		B493CC2622DB4B6700D31A47 /* LKSearchView.swift */ = {isa = PBXFileReference; lastKnownFileType = sourcecode.swift; path = LKSearchView.swift; sourceTree = "<group>"; };
		B493CC2A22DB519B00D31A47 /* OperatorGetPackageInfo.swift */ = {isa = PBXFileReference; lastKnownFileType = sourcecode.swift; path = OperatorGetPackageInfo.swift; sourceTree = "<group>"; };
		B4A00EBF22DA417000A9D9C1 /* DMPackages.swift */ = {isa = PBXFileReference; lastKnownFileType = sourcecode.swift; path = DMPackages.swift; sourceTree = "<group>"; };
		B4EEB8D322DCCAA000477E39 /* LKIconGroupDetailView_RecentUpdate.swift */ = {isa = PBXFileReference; lastKnownFileType = sourcecode.swift; path = LKIconGroupDetailView_RecentUpdate.swift; sourceTree = "<group>"; };
		B4EEB8D522DCDECF00477E39 /* LKIconGroupDetailView_RecentInstalled.swift */ = {isa = PBXFileReference; lastKnownFileType = sourcecode.swift; path = LKIconGroupDetailView_RecentInstalled.swift; sourceTree = "<group>"; };
		B4EEB8D722DCE3A000477E39 /* LKIconGroupDetailView_RandomPackage.swift */ = {isa = PBXFileReference; lastKnownFileType = sourcecode.swift; path = LKIconGroupDetailView_RandomPackage.swift; sourceTree = "<group>"; };
		B4EEB8D922DCE60B00477E39 /* AppTapp.xcassets */ = {isa = PBXFileReference; lastKnownFileType = folder.assetcatalog; path = AppTapp.xcassets; sourceTree = "<group>"; };
		B4EEB94A22DCF9F800477E39 /* LKNonWorkSearchBar.swift */ = {isa = PBXFileReference; lastKnownFileType = sourcecode.swift; path = LKNonWorkSearchBar.swift; sourceTree = "<group>"; };
		B93A251A269A4588E99F3FED /* Pods-Tweaker.release.xcconfig */ = {isa = PBXFileReference; includeInIndex = 1; lastKnownFileType = text.xcconfig; name = "Pods-Tweaker.release.xcconfig"; path = "Target Support Files/Pods-Tweaker/Pods-Tweaker.release.xcconfig"; sourceTree = "<group>"; };
/* End PBXFileReference section */

/* Begin PBXFrameworksBuildPhase section */
		AB081F8E229D4BDC00ACA4DD /* Frameworks */ = {
			isa = PBXFrameworksBuildPhase;
			buildActionMask = 2147483647;
			files = (
				7C1EC5EB292959B61CC11BB5 /* Pods_Tweaker.framework in Frameworks */,
			);
			runOnlyForDeploymentPostprocessing = 0;
		};
/* End PBXFrameworksBuildPhase section */

/* Begin PBXGroup section */
		35F0FD9C7EF0DEEACEA4981B /* Pods */ = {
			isa = PBXGroup;
			children = (
				722A7FEC3BC40B5C09F0D0FB /* Pods-Tweaker.debug.xcconfig */,
				B93A251A269A4588E99F3FED /* Pods-Tweaker.release.xcconfig */,
			);
			path = Pods;
			sourceTree = "<group>";
		};
		AB081F88229D4BDC00ACA4DD = {
			isa = PBXGroup;
			children = (
				AB081F93229D4BDC00ACA4DD /* Tweaker */,
				AB081F92229D4BDC00ACA4DD /* Products */,
				35F0FD9C7EF0DEEACEA4981B /* Pods */,
				ED82C75B30A614C976CA3647 /* Frameworks */,
			);
			sourceTree = "<group>";
		};
		AB081F92229D4BDC00ACA4DD /* Products */ = {
			isa = PBXGroup;
			children = (
				AB081F91229D4BDC00ACA4DD /* Tweaker.app */,
			);
			name = Products;
			sourceTree = "<group>";
		};
		AB081F93229D4BDC00ACA4DD /* Tweaker */ = {
			isa = PBXGroup;
			children = (
				ABFBA7E6229D566E0070A17E /* AssSets */,
				ABFBA7E8229D6D8B0070A17E /* Themes */,
				ABFBA7E4229D563C0070A17E /* Engine */,
				ABE6DCF2229E8BDF00D18D9E /* DataModel */,
				ABFBA7E5229D564E0070A17E /* Interface */,
				ABFBA80D229D7DC40070A17E /* Extensions */,
				04118A1B22AA7EDD00C4D94E /* Info.plist */,
				04118A1722AA7E0500C4D94E /* InfoPlist.strings */,
				ABFBA837229D8DC70070A17E /* Localizable.strings */,
			);
			path = Tweaker;
			sourceTree = "<group>";
		};
		AB198F7F229EDC64003A78BE /* Operator */ = {
			isa = PBXGroup;
			children = (
				AB198F80229EDC74003A78BE /* CommonOperator.swift */,
				AB198F82229EDEB8003A78BE /* OperatorNewsRepo.swift */,
				B40B4C2122D769D200373449 /* OperatorPackageRepo.swift */,
				B493CC2A22DB519B00D31A47 /* OperatorGetPackageInfo.swift */,
				B4304F1C22DDDC2400E98E22 /* OperatorGetInstalledInfo.swift */,
			);
			path = Operator;
			sourceTree = "<group>";
		};
		AB1DB1C622A368690005DDD7 /* Components */ = {
			isa = PBXGroup;
			children = (
				B46EE49722D5E04B000C6F6D /* Views */,
				B4046A6622DE2FB200DF3835 /* ViewController */,
				B46EE49822D5E053000C6F6D /* ManageCells */,
				B470FA9322D4515D00C4A215 /* LKTVCell */,
				B411A86622DBFE0D004CB35B /* ExternalModification */,
			);
			path = Components;
			sourceTree = "<group>";
		};
		ABE6DCF1229E8BD600D18D9E /* Cards */ = {
			isa = PBXGroup;
			children = (
				ABE6DCF7229E8F1200D18D9E /* CardTypeControl.swift */,
				AB53B64E22A021D800492BAB /* CardCreate.swift */,
				AB04C51C22A4436000B29F0C /* CardDetails.swift */,
				AB1DB1C722A36A180005DDD7 /* CardButton.swift */,
			);
			path = Cards;
			sourceTree = "<group>";
		};
		ABE6DCF2229E8BDF00D18D9E /* DataModel */ = {
			isa = PBXGroup;
			children = (
				ABE6DCF5229E8C5300D18D9E /* DMCommon.swift */,
				ABE6DCF3229E8C2A00D18D9E /* DMNewsCards.swift */,
				ABE6DD02229ECC2700D18D9E /* DMNewsRepos.swift */,
				B40B4C1F22D7637600373449 /* DMPackageRepos.swift */,
				B4A00EBF22DA417000A9D9C1 /* DMPackages.swift */,
				ABE6DD04229ED2A000D18D9E /* DMSettings.swift */,
			);
			name = DataModel;
			path = Engine;
			sourceTree = "<group>";
		};
		ABFBA7E4229D563C0070A17E /* Engine */ = {
			isa = PBXGroup;
			children = (
				AB081F94229D4BDC00ACA4DD /* AppDelegate.swift */,
				ABFBA831229D88790070A17E /* AppRootClass.swift */,
				ABFBA83B229D99EB0070A17E /* AppUserClass.swift */,
				AB198F7F229EDC64003A78BE /* Operator */,
			);
			path = Engine;
			sourceTree = "<group>";
		};
		ABFBA7E5229D564E0070A17E /* Interface */ = {
			isa = PBXGroup;
			children = (
				ABFBA801229D7B3D0070A17E /* LaunchScreen.storyboard */,
				ABFBA822229D7FDC0070A17E /* CommanViews */,
				ABFBA7EB229D6F140070A17E /* iPhoneOS */,
				ABFBA7EC229D6F2A0070A17E /* iPadOS */,
			);
			path = Interface;
			sourceTree = "<group>";
		};
		ABFBA7E6229D566E0070A17E /* AssSets */ = {
			isa = PBXGroup;
			children = (
				AB081F9B229D4BDD00ACA4DD /* AppIcons.xcassets */,
				ABFBA82B229D84D50070A17E /* ApplicationSupport.xcassets */,
				B4EEB8D922DCE60B00477E39 /* AppTapp.xcassets */,
				ABFBA7E9229D6DF70070A17E /* TabBars.xcassets */,
			);
			path = AssSets;
			sourceTree = "<group>";
		};
		ABFBA7E8229D6D8B0070A17E /* Themes */ = {
			isa = PBXGroup;
			children = (
				ABFBA82F229D87170070A17E /* ColorSheetCommon.swift */,
			);
			path = Themes;
			sourceTree = "<group>";
		};
		ABFBA7EB229D6F140070A17E /* iPhoneOS */ = {
			isa = PBXGroup;
			children = (
				ABFBA807229D7B4F0070A17E /* Main_iPhone.storyboard */,
				ABFBA7EF229D700F0070A17E /* UIEnteryS.swift */,
				ABFBA839229D943C0070A17E /* UIHommyS.swift */,
				ABE6DD00229EBBB600D18D9E /* UIManageS.swift */,
				B493CC2422DB44F800D31A47 /* UISearchS.swift */,
			);
			path = iPhoneOS;
			sourceTree = "<group>";
		};
		ABFBA7EC229D6F2A0070A17E /* iPadOS */ = {
			isa = PBXGroup;
			children = (
				ABFBA804229D7B460070A17E /* Main_iPad.storyboard */,
				ABFBA7F1229D70120070A17E /* UIEnteryL.swift */,
				ABC2C89222A5AC0C005E2F8F /* UIHommyL.swift */,
				B48731FE22D6558500BADE62 /* UIManageL.swift */,
			);
			path = iPadOS;
			sourceTree = "<group>";
		};
		ABFBA80D229D7DC40070A17E /* Extensions */ = {
			isa = PBXGroup;
			children = (
				ABFBA80E229D7DC40070A17E /* Global.swift */,
				ABFBA810229D7DC40070A17E /* StringExtensions.swift */,
				ABFBA814229D7DC40070A17E /* UIViewExtensions.swift */,
				ABFBA817229D7DC40070A17E /* UIColorExtensions.swift */,
				ABFBA815229D7DC40070A17E /* UILabelExtensions.swift */,
				ABFBA812229D7DC40070A17E /* UIImageExtensions.swift */,
				ABFBA816229D7DC40070A17E /* UIDeviceExtensions.swift */,
				ABFBA80F229D7DC40070A17E /* UITableViewExtensions.swift */,
				B411A86222DBF0F0004CB35B /* UIAlertControllerExtensions.swift */,
				ABFBA811229D7DC40070A17E /* UIViewControllerExtensions.swift */,
				ABFBA813229D7DC40070A17E /* UINavigationControllerExtensions.swift */,
			);
			path = Extensions;
			sourceTree = "<group>";
		};
		ABFBA822229D7FDC0070A17E /* CommanViews */ = {
			isa = PBXGroup;
			children = (
				ABFBA829229D833B0070A17E /* CommonContainer.swift */,
				AB1DB1C622A368690005DDD7 /* Components */,
				ABE6DCF1229E8BD600D18D9E /* Cards */,
			);
			path = CommanViews;
			sourceTree = "<group>";
		};
		B4046A6622DE2FB200DF3835 /* ViewController */ = {
			isa = PBXGroup;
			children = (
				B4046A6422DE2FAE00DF3835 /* LKItemListViewController.swift */,
			);
			path = ViewController;
			sourceTree = "<group>";
		};
		B411A86622DBFE0D004CB35B /* ExternalModification */ = {
			isa = PBXGroup;
			children = (
				B411A86722DBFE15004CB35B /* StatusAlertDark.swift */,
				B411A86822DBFE15004CB35B /* StatusAlertDarkUtils.swift */,
			);
			path = ExternalModification;
			sourceTree = "<group>";
		};
		B46EE49722D5E04B000C6F6D /* Views */ = {
			isa = PBXGroup;
			children = (
				ABFBA823229D801E0070A17E /* LKHeader.swift */,
				B42C289B22D30630002B1A96 /* LKIconStack.swift */,
				AB1461AD22A26AD500C031FE /* LKASMultiAppsRiver.swift */,
				B4EEB94A22DCF9F800477E39 /* LKNonWorkSearchBar.swift */,
				B46EE49C22D60C6C000C6F6D /* LKResponderBlockButton.swift */,
			);
			path = Views;
			sourceTree = "<group>";
		};
		B46EE49822D5E053000C6F6D /* ManageCells */ = {
			isa = PBXGroup;
			children = (
				B439A8C322D9AE0700E1D577 /* LKActiveShineCell.swift */,
				B42C289922D30616002B1A96 /* LKIconGroupDetailView_NewsRepoSP.swift */,
				B40B4C1D22D75E7000373449 /* LKIconGroupDetailView_PackageRepoSP.swift */,
				B4EEB8D322DCCAA000477E39 /* LKIconGroupDetailView_RecentUpdate.swift */,
				B4EEB8D522DCDECF00477E39 /* LKIconGroupDetailView_RecentInstalled.swift */,
				B4EEB8D722DCE3A000477E39 /* LKIconGroupDetailView_RandomPackage.swift */,
				B411A85E22DBD617004CB35B /* LKIconGroupDetailView_Settings.swift */,
				B46EE49E22D611CD000C6F6D /* LKRepoView.swift */,
				B493CC2622DB4B6700D31A47 /* LKSearchView.swift */,
			);
			path = ManageCells;
			sourceTree = "<group>";
		};
		B470FA9322D4515D00C4A215 /* LKTVCell */ = {
			isa = PBXGroup;
			children = (
				B42C289D22D30DC4002B1A96 /* LKIconTVCell.swift */,
				B470FA9122D4515700C4A215 /* LKButtonStackTVCell.swift */,
			);
			path = LKTVCell;
			sourceTree = "<group>";
		};
		ED82C75B30A614C976CA3647 /* Frameworks */ = {
			isa = PBXGroup;
			children = (
				546D4B5972CE967C97CFEE39 /* Pods_Tweaker.framework */,
			);
			name = Frameworks;
			sourceTree = "<group>";
		};
/* End PBXGroup section */

/* Begin PBXNativeTarget section */
		AB081F90229D4BDC00ACA4DD /* Tweaker */ = {
			isa = PBXNativeTarget;
			buildConfigurationList = AB081FA3229D4BDD00ACA4DD /* Build configuration list for PBXNativeTarget "Tweaker" */;
			buildPhases = (
				3F8E1071EAF240DA31D38AD5 /* [CP] Check Pods Manifest.lock */,
				ABFBA7E7229D5AF20070A17E /* SwiftLint */,
				AB081F8D229D4BDC00ACA4DD /* Sources */,
				AB081F8E229D4BDC00ACA4DD /* Frameworks */,
				AB081F8F229D4BDC00ACA4DD /* Resources */,
				ABFBA825229D807B0070A17E /* Bump Version */,
				34DD9D7F6E2D005866CF9251 /* [CP] Embed Pods Frameworks */,
			);
			buildRules = (
			);
			dependencies = (
			);
			name = Tweaker;
			productName = Tweaker;
			productReference = AB081F91229D4BDC00ACA4DD /* Tweaker.app */;
			productType = "com.apple.product-type.application";
		};
/* End PBXNativeTarget section */

/* Begin PBXProject section */
		AB081F89229D4BDC00ACA4DD /* Project object */ = {
			isa = PBXProject;
			attributes = {
				LastSwiftUpdateCheck = 1020;
				LastUpgradeCheck = 1020;
				ORGANIZATIONNAME = "Lakr Aream";
				TargetAttributes = {
					AB081F90229D4BDC00ACA4DD = {
						CreatedOnToolsVersion = 10.2.1;
					};
				};
			};
			buildConfigurationList = AB081F8C229D4BDC00ACA4DD /* Build configuration list for PBXProject "Tweaker" */;
			compatibilityVersion = "Xcode 9.3";
			developmentRegion = "zh-Hans";
			hasScannedForEncodings = 0;
			knownRegions = (
				en,
				Base,
				"zh-Hans",
			);
			mainGroup = AB081F88229D4BDC00ACA4DD;
			productRefGroup = AB081F92229D4BDC00ACA4DD /* Products */;
			projectDirPath = "";
			projectRoot = "";
			targets = (
				AB081F90229D4BDC00ACA4DD /* Tweaker */,
			);
		};
/* End PBXProject section */

/* Begin PBXResourcesBuildPhase section */
		AB081F8F229D4BDC00ACA4DD /* Resources */ = {
			isa = PBXResourcesBuildPhase;
			buildActionMask = 2147483647;
			files = (
				ABFBA802229D7B460070A17E /* Main_iPad.storyboard in Resources */,
				04118A1522AA7E0500C4D94E /* InfoPlist.strings in Resources */,
				ABFBA805229D7B4F0070A17E /* Main_iPhone.storyboard in Resources */,
				AB081F9C229D4BDD00ACA4DD /* AppIcons.xcassets in Resources */,
				B4EEB8DA22DCE60B00477E39 /* AppTapp.xcassets in Resources */,
				ABFBA835229D8DC70070A17E /* Localizable.strings in Resources */,
				ABFBA7FF229D7B3D0070A17E /* LaunchScreen.storyboard in Resources */,
				ABFBA82C229D84D50070A17E /* ApplicationSupport.xcassets in Resources */,
				ABFBA7EA229D6DF70070A17E /* TabBars.xcassets in Resources */,
			);
			runOnlyForDeploymentPostprocessing = 0;
		};
/* End PBXResourcesBuildPhase section */

/* Begin PBXShellScriptBuildPhase section */
		34DD9D7F6E2D005866CF9251 /* [CP] Embed Pods Frameworks */ = {
			isa = PBXShellScriptBuildPhase;
			buildActionMask = 2147483647;
			files = (
			);
			inputFileListPaths = (
			);
			inputPaths = (
				"${PODS_ROOT}/Target Support Files/Pods-Tweaker/Pods-Tweaker-frameworks.sh",
				"${BUILT_PRODUCTS_DIR}/Alamofire/Alamofire.framework",
				"${BUILT_PRODUCTS_DIR}/BSBacktraceLogger/BSBacktraceLogger.framework",
				"${BUILT_PRODUCTS_DIR}/BitByteData/BitByteData.framework",
				"${BUILT_PRODUCTS_DIR}/CocoaLumberjack/CocoaLumberjack.framework",
				"${BUILT_PRODUCTS_DIR}/DoraemonKit/DoraemonKit.framework",
				"${PODS_ROOT}/DoraemonKit/iOS/DoraemonKit/Framework/DoraemonLoadAnalyze.framework",
				"${BUILT_PRODUCTS_DIR}/FBRetainCycleDetector/FBRetainCycleDetector.framework",
				"${BUILT_PRODUCTS_DIR}/FLEX/FLEX.framework",
				"${BUILT_PRODUCTS_DIR}/IHProgressHUD/IHProgressHUD.framework",
				"${BUILT_PRODUCTS_DIR}/InAppViewDebugger/InAppViewDebugger.framework",
				"${BUILT_PRODUCTS_DIR}/JJFloatingActionButton/JJFloatingActionButton.framework",
				"${BUILT_PRODUCTS_DIR}/LTMorphingLabel/LTMorphingLabel.framework",
				"${BUILT_PRODUCTS_DIR}/MLeaksFinder/MLeaksFinder.framework",
				"${BUILT_PRODUCTS_DIR}/NVActivityIndicatorView/NVActivityIndicatorView.framework",
				"${BUILT_PRODUCTS_DIR}/PNChart/PNChart.framework",
				"${PODS_ROOT}/Reveal-SDK/RevealServer/iOS/RevealServer.framework",
				"${BUILT_PRODUCTS_DIR}/SDWebImage/SDWebImage.framework",
				"${BUILT_PRODUCTS_DIR}/SQLiteRepairKit/sqliterk.framework",
				"${BUILT_PRODUCTS_DIR}/SWCompression/SWCompression.framework",
				"${BUILT_PRODUCTS_DIR}/SnapKit/SnapKit.framework",
				"${BUILT_PRODUCTS_DIR}/StatusAlert/StatusAlert.framework",
				"${BUILT_PRODUCTS_DIR}/SwiftMessages/SwiftMessages.framework",
				"${BUILT_PRODUCTS_DIR}/SwifterSwift/SwifterSwift.framework",
				"${BUILT_PRODUCTS_DIR}/SwiftyMarkdown/SwiftyMarkdown.framework",
				"${BUILT_PRODUCTS_DIR}/UICountingLabel/UICountingLabel.framework",
				"${BUILT_PRODUCTS_DIR}/UIImageColors/UIImageColors.framework",
				"${BUILT_PRODUCTS_DIR}/UITextView+Placeholder/UITextView_Placeholder.framework",
				"${BUILT_PRODUCTS_DIR}/WCDB.swift/WCDBSwift.framework",
				"${BUILT_PRODUCTS_DIR}/WCDBOptimizedSQLCipher/sqlcipher.framework",
				"${BUILT_PRODUCTS_DIR}/fishhook/fishhook.framework",
			);
			name = "[CP] Embed Pods Frameworks";
			outputFileListPaths = (
			);
			outputPaths = (
				"${TARGET_BUILD_DIR}/${FRAMEWORKS_FOLDER_PATH}/Alamofire.framework",
				"${TARGET_BUILD_DIR}/${FRAMEWORKS_FOLDER_PATH}/BSBacktraceLogger.framework",
				"${TARGET_BUILD_DIR}/${FRAMEWORKS_FOLDER_PATH}/BitByteData.framework",
				"${TARGET_BUILD_DIR}/${FRAMEWORKS_FOLDER_PATH}/CocoaLumberjack.framework",
				"${TARGET_BUILD_DIR}/${FRAMEWORKS_FOLDER_PATH}/DoraemonKit.framework",
				"${TARGET_BUILD_DIR}/${FRAMEWORKS_FOLDER_PATH}/DoraemonLoadAnalyze.framework",
				"${TARGET_BUILD_DIR}/${FRAMEWORKS_FOLDER_PATH}/FBRetainCycleDetector.framework",
				"${TARGET_BUILD_DIR}/${FRAMEWORKS_FOLDER_PATH}/FLEX.framework",
				"${TARGET_BUILD_DIR}/${FRAMEWORKS_FOLDER_PATH}/IHProgressHUD.framework",
				"${TARGET_BUILD_DIR}/${FRAMEWORKS_FOLDER_PATH}/InAppViewDebugger.framework",
				"${TARGET_BUILD_DIR}/${FRAMEWORKS_FOLDER_PATH}/JJFloatingActionButton.framework",
				"${TARGET_BUILD_DIR}/${FRAMEWORKS_FOLDER_PATH}/LTMorphingLabel.framework",
				"${TARGET_BUILD_DIR}/${FRAMEWORKS_FOLDER_PATH}/MLeaksFinder.framework",
				"${TARGET_BUILD_DIR}/${FRAMEWORKS_FOLDER_PATH}/NVActivityIndicatorView.framework",
				"${TARGET_BUILD_DIR}/${FRAMEWORKS_FOLDER_PATH}/PNChart.framework",
				"${TARGET_BUILD_DIR}/${FRAMEWORKS_FOLDER_PATH}/RevealServer.framework",
				"${TARGET_BUILD_DIR}/${FRAMEWORKS_FOLDER_PATH}/SDWebImage.framework",
				"${TARGET_BUILD_DIR}/${FRAMEWORKS_FOLDER_PATH}/sqliterk.framework",
				"${TARGET_BUILD_DIR}/${FRAMEWORKS_FOLDER_PATH}/SWCompression.framework",
				"${TARGET_BUILD_DIR}/${FRAMEWORKS_FOLDER_PATH}/SnapKit.framework",
				"${TARGET_BUILD_DIR}/${FRAMEWORKS_FOLDER_PATH}/StatusAlert.framework",
				"${TARGET_BUILD_DIR}/${FRAMEWORKS_FOLDER_PATH}/SwiftMessages.framework",
				"${TARGET_BUILD_DIR}/${FRAMEWORKS_FOLDER_PATH}/SwifterSwift.framework",
				"${TARGET_BUILD_DIR}/${FRAMEWORKS_FOLDER_PATH}/SwiftyMarkdown.framework",
				"${TARGET_BUILD_DIR}/${FRAMEWORKS_FOLDER_PATH}/UICountingLabel.framework",
				"${TARGET_BUILD_DIR}/${FRAMEWORKS_FOLDER_PATH}/UIImageColors.framework",
				"${TARGET_BUILD_DIR}/${FRAMEWORKS_FOLDER_PATH}/UITextView_Placeholder.framework",
				"${TARGET_BUILD_DIR}/${FRAMEWORKS_FOLDER_PATH}/WCDBSwift.framework",
				"${TARGET_BUILD_DIR}/${FRAMEWORKS_FOLDER_PATH}/sqlcipher.framework",
				"${TARGET_BUILD_DIR}/${FRAMEWORKS_FOLDER_PATH}/fishhook.framework",
			);
			runOnlyForDeploymentPostprocessing = 0;
			shellPath = /bin/sh;
			shellScript = "\"${PODS_ROOT}/Target Support Files/Pods-Tweaker/Pods-Tweaker-frameworks.sh\"\n";
			showEnvVarsInLog = 0;
		};
		3F8E1071EAF240DA31D38AD5 /* [CP] Check Pods Manifest.lock */ = {
			isa = PBXShellScriptBuildPhase;
			buildActionMask = 2147483647;
			files = (
			);
			inputFileListPaths = (
			);
			inputPaths = (
				"${PODS_PODFILE_DIR_PATH}/Podfile.lock",
				"${PODS_ROOT}/Manifest.lock",
			);
			name = "[CP] Check Pods Manifest.lock";
			outputFileListPaths = (
			);
			outputPaths = (
				"$(DERIVED_FILE_DIR)/Pods-Tweaker-checkManifestLockResult.txt",
			);
			runOnlyForDeploymentPostprocessing = 0;
			shellPath = /bin/sh;
			shellScript = "diff \"${PODS_PODFILE_DIR_PATH}/Podfile.lock\" \"${PODS_ROOT}/Manifest.lock\" > /dev/null\nif [ $? != 0 ] ; then\n    # print error to STDERR\n    echo \"error: The sandbox is not in sync with the Podfile.lock. Run 'pod install' or update your CocoaPods installation.\" >&2\n    exit 1\nfi\n# This output is used by Xcode 'outputs' to avoid re-running this script phase.\necho \"SUCCESS\" > \"${SCRIPT_OUTPUT_FILE_0}\"\n";
			showEnvVarsInLog = 0;
		};
		ABFBA7E7229D5AF20070A17E /* SwiftLint */ = {
			isa = PBXShellScriptBuildPhase;
			buildActionMask = 2147483647;
			files = (
			);
			inputFileListPaths = (
			);
			inputPaths = (
			);
			name = SwiftLint;
			outputFileListPaths = (
			);
			outputPaths = (
			);
			runOnlyForDeploymentPostprocessing = 0;
			shellPath = /bin/sh;
			shellScript = "# Type a script or drag a script file from your workspace to insert its path.\nif which \"${PODS_ROOT}/SwiftLint/swiftlint\" >/dev/null; then\n\"${PODS_ROOT}/SwiftLint/swiftlint\"\nelse\necho \"warning: SwiftLint not installed, download from https://github.com/realm/SwiftLint\"\nfi\n\n";
		};
		ABFBA825229D807B0070A17E /* Bump Version */ = {
			isa = PBXShellScriptBuildPhase;
			buildActionMask = 2147483647;
			files = (
			);
			inputFileListPaths = (
			);
			inputPaths = (
			);
			name = "Bump Version";
			outputFileListPaths = (
			);
			outputPaths = (
			);
			runOnlyForDeploymentPostprocessing = 0;
			shellPath = /bin/sh;
			shellScript = "# Type a script or drag a script file from your workspace to insert its path.\n\nbuildNumber=$(/usr/libexec/PlistBuddy -c \"Print CFBundleVersion\" \"${INFOPLIST_FILE}\");\nbuildNumber=$(($buildNumber + 1));\n/usr/libexec/PlistBuddy -c \"Set CFBundleVersion $buildNumber\" \"${INFOPLIST_FILE}\";\n";
		};
/* End PBXShellScriptBuildPhase section */

/* Begin PBXSourcesBuildPhase section */
		AB081F8D229D4BDC00ACA4DD /* Sources */ = {
			isa = PBXSourcesBuildPhase;
			buildActionMask = 2147483647;
			files = (
				AB1461AE22A26AD500C031FE /* LKASMultiAppsRiver.swift in Sources */,
				B4304F1D22DDDC2400E98E22 /* OperatorGetInstalledInfo.swift in Sources */,
				B48731FF22D6558500BADE62 /* UIManageL.swift in Sources */,
				ABFBA81A229D7DC40070A17E /* StringExtensions.swift in Sources */,
				B42C289C22D30630002B1A96 /* LKIconStack.swift in Sources */,
				ABE6DD05229ED2A000D18D9E /* DMSettings.swift in Sources */,
				B411A85F22DBD617004CB35B /* LKIconGroupDetailView_Settings.swift in Sources */,
				B4EEB94B22DCF9F800477E39 /* LKNonWorkSearchBar.swift in Sources */,
				ABE6DD01229EBBB600D18D9E /* UIManageS.swift in Sources */,
				B493CC2522DB44F800D31A47 /* UISearchS.swift in Sources */,
				B439A8C422D9AE0700E1D577 /* LKActiveShineCell.swift in Sources */,
				ABFBA820229D7DC40070A17E /* UIDeviceExtensions.swift in Sources */,
				ABE6DD03229ECC2700D18D9E /* DMNewsRepos.swift in Sources */,
				B40B4C2222D769D200373449 /* OperatorPackageRepo.swift in Sources */,
				B493CC2B22DB519B00D31A47 /* OperatorGetPackageInfo.swift in Sources */,
				B46EE49F22D611CD000C6F6D /* LKRepoView.swift in Sources */,
				ABFBA821229D7DC40070A17E /* UIColorExtensions.swift in Sources */,
				ABFBA819229D7DC40070A17E /* UITableViewExtensions.swift in Sources */,
				B40B4C1E22D75E7000373449 /* LKIconGroupDetailView_PackageRepoSP.swift in Sources */,
				B493CC2722DB4B6700D31A47 /* LKSearchView.swift in Sources */,
				ABFBA818229D7DC40070A17E /* Global.swift in Sources */,
				ABFBA81F229D7DC40070A17E /* UILabelExtensions.swift in Sources */,
				ABFBA83A229D943C0070A17E /* UIHommyS.swift in Sources */,
				B411A86322DBF0F0004CB35B /* UIAlertControllerExtensions.swift in Sources */,
				ABFBA81C229D7DC40070A17E /* UIImageExtensions.swift in Sources */,
				ABFBA81D229D7DC40070A17E /* UINavigationControllerExtensions.swift in Sources */,
				B40B4C2022D7637600373449 /* DMPackageRepos.swift in Sources */,
				ABFBA7F0229D700F0070A17E /* UIEnteryS.swift in Sources */,
				B470FA9222D4515700C4A215 /* LKButtonStackTVCell.swift in Sources */,
				B42C289A22D30616002B1A96 /* LKIconGroupDetailView_NewsRepoSP.swift in Sources */,
				B4A00EC022DA417000A9D9C1 /* DMPackages.swift in Sources */,
				AB04C51D22A4436000B29F0C /* CardDetails.swift in Sources */,
				ABFBA824229D801E0070A17E /* LKHeader.swift in Sources */,
				B42C289E22D30DC4002B1A96 /* LKIconTVCell.swift in Sources */,
				AB198F83229EDEB8003A78BE /* OperatorNewsRepo.swift in Sources */,
				AB198F81229EDC74003A78BE /* CommonOperator.swift in Sources */,
				ABE6DCF8229E8F1200D18D9E /* CardTypeControl.swift in Sources */,
				B411A86922DBFE15004CB35B /* StatusAlertDark.swift in Sources */,
				ABFBA830229D87170070A17E /* ColorSheetCommon.swift in Sources */,
				AB1DB1C822A36A180005DDD7 /* CardButton.swift in Sources */,
				ABFBA832229D88790070A17E /* AppRootClass.swift in Sources */,
				ABFBA81E229D7DC40070A17E /* UIViewExtensions.swift in Sources */,
				ABFBA82A229D833B0070A17E /* CommonContainer.swift in Sources */,
				B4EEB8D622DCDECF00477E39 /* LKIconGroupDetailView_RecentInstalled.swift in Sources */,
				AB53B64F22A021D800492BAB /* CardCreate.swift in Sources */,
				ABE6DCF6229E8C5300D18D9E /* DMCommon.swift in Sources */,
				AB081F95229D4BDC00ACA4DD /* AppDelegate.swift in Sources */,
				B4EEB8D422DCCAA000477E39 /* LKIconGroupDetailView_RecentUpdate.swift in Sources */,
				ABFBA83C229D99EB0070A17E /* AppUserClass.swift in Sources */,
				B4EEB8D822DCE3A000477E39 /* LKIconGroupDetailView_RandomPackage.swift in Sources */,
				ABFBA7F3229D78720070A17E /* UIEnteryL.swift in Sources */,
				ABC2C89322A5AC0C005E2F8F /* UIHommyL.swift in Sources */,
				ABE6DCF4229E8C2A00D18D9E /* DMNewsCards.swift in Sources */,
				B4046A6522DE2FAE00DF3835 /* LKItemListViewController.swift in Sources */,
				B46EE49D22D60C6D000C6F6D /* LKResponderBlockButton.swift in Sources */,
				B411A86A22DBFE15004CB35B /* StatusAlertDarkUtils.swift in Sources */,
				ABFBA81B229D7DC40070A17E /* UIViewControllerExtensions.swift in Sources */,
			);
			runOnlyForDeploymentPostprocessing = 0;
		};
/* End PBXSourcesBuildPhase section */

/* Begin PBXVariantGroup section */
		04118A1722AA7E0500C4D94E /* InfoPlist.strings */ = {
			isa = PBXVariantGroup;
			children = (
				04118A1622AA7E0500C4D94E /* zh-Hans */,
				04118A1822AA7E0800C4D94E /* en */,
			);
			name = InfoPlist.strings;
			sourceTree = "<group>";
		};
		ABFBA801229D7B3D0070A17E /* LaunchScreen.storyboard */ = {
			isa = PBXVariantGroup;
			children = (
				ABFBA800229D7B3D0070A17E /* Base */,
			);
			name = LaunchScreen.storyboard;
			sourceTree = "<group>";
		};
		ABFBA804229D7B460070A17E /* Main_iPad.storyboard */ = {
			isa = PBXVariantGroup;
			children = (
				ABFBA803229D7B460070A17E /* Base */,
				ABFBA80C229D7B5F0070A17E /* zh-Hans */,
			);
			name = Main_iPad.storyboard;
			sourceTree = "<group>";
		};
		ABFBA807229D7B4F0070A17E /* Main_iPhone.storyboard */ = {
			isa = PBXVariantGroup;
			children = (
				ABFBA806229D7B4F0070A17E /* Base */,
				ABFBA80B229D7B580070A17E /* zh-Hans */,
			);
			name = Main_iPhone.storyboard;
			sourceTree = "<group>";
		};
		ABFBA837229D8DC70070A17E /* Localizable.strings */ = {
			isa = PBXVariantGroup;
			children = (
				ABFBA836229D8DC70070A17E /* zh-Hans */,
				ABFBA838229D8E3A0070A17E /* en */,
			);
			name = Localizable.strings;
			sourceTree = "<group>";
		};
/* End PBXVariantGroup section */

/* Begin XCBuildConfiguration section */
		AB081FA1229D4BDD00ACA4DD /* Debug */ = {
			isa = XCBuildConfiguration;
			buildSettings = {
				ALWAYS_SEARCH_USER_PATHS = NO;
				CLANG_ANALYZER_LOCALIZABILITY_NONLOCALIZED = YES;
				CLANG_ANALYZER_NONNULL = YES;
				CLANG_ANALYZER_NUMBER_OBJECT_CONVERSION = YES_AGGRESSIVE;
				CLANG_CXX_LANGUAGE_STANDARD = "gnu++14";
				CLANG_CXX_LIBRARY = "libc++";
				CLANG_ENABLE_MODULES = YES;
				CLANG_ENABLE_OBJC_ARC = YES;
				CLANG_ENABLE_OBJC_WEAK = YES;
				CLANG_WARN_BLOCK_CAPTURE_AUTORELEASING = YES;
				CLANG_WARN_BOOL_CONVERSION = YES;
				CLANG_WARN_COMMA = YES;
				CLANG_WARN_CONSTANT_CONVERSION = YES;
				CLANG_WARN_DEPRECATED_OBJC_IMPLEMENTATIONS = YES;
				CLANG_WARN_DIRECT_OBJC_ISA_USAGE = YES_ERROR;
				CLANG_WARN_DOCUMENTATION_COMMENTS = YES;
				CLANG_WARN_EMPTY_BODY = YES;
				CLANG_WARN_ENUM_CONVERSION = YES;
				CLANG_WARN_INFINITE_RECURSION = YES;
				CLANG_WARN_INT_CONVERSION = YES;
				CLANG_WARN_NON_LITERAL_NULL_CONVERSION = YES;
				CLANG_WARN_OBJC_IMPLICIT_RETAIN_SELF = YES;
				CLANG_WARN_OBJC_LITERAL_CONVERSION = YES;
				CLANG_WARN_OBJC_ROOT_CLASS = YES_ERROR;
				CLANG_WARN_RANGE_LOOP_ANALYSIS = YES;
				CLANG_WARN_STRICT_PROTOTYPES = YES;
				CLANG_WARN_SUSPICIOUS_MOVE = YES;
				CLANG_WARN_UNGUARDED_AVAILABILITY = YES_AGGRESSIVE;
				CLANG_WARN_UNREACHABLE_CODE = YES;
				CLANG_WARN__DUPLICATE_METHOD_MATCH = YES;
				CODE_SIGN_IDENTITY = "iPhone Developer";
				COPY_PHASE_STRIP = NO;
				DEBUG_INFORMATION_FORMAT = dwarf;
				ENABLE_STRICT_OBJC_MSGSEND = YES;
				ENABLE_TESTABILITY = YES;
				GCC_C_LANGUAGE_STANDARD = gnu11;
				GCC_DYNAMIC_NO_PIC = NO;
				GCC_NO_COMMON_BLOCKS = YES;
				GCC_OPTIMIZATION_LEVEL = 0;
				GCC_PREPROCESSOR_DEFINITIONS = (
					"DEBUG=1",
					"$(inherited)",
				);
				GCC_WARN_64_TO_32_BIT_CONVERSION = YES;
				GCC_WARN_ABOUT_RETURN_TYPE = YES_ERROR;
				GCC_WARN_UNDECLARED_SELECTOR = YES;
				GCC_WARN_UNINITIALIZED_AUTOS = YES_AGGRESSIVE;
				GCC_WARN_UNUSED_FUNCTION = YES;
				GCC_WARN_UNUSED_VARIABLE = YES;
				IPHONEOS_DEPLOYMENT_TARGET = 12.2;
				MTL_ENABLE_DEBUG_INFO = INCLUDE_SOURCE;
				MTL_FAST_MATH = YES;
				ONLY_ACTIVE_ARCH = YES;
				SDKROOT = iphoneos;
				SWIFT_ACTIVE_COMPILATION_CONDITIONS = DEBUG;
				SWIFT_OPTIMIZATION_LEVEL = "-Onone";
			};
			name = Debug;
		};
		AB081FA2229D4BDD00ACA4DD /* Release */ = {
			isa = XCBuildConfiguration;
			buildSettings = {
				ALWAYS_SEARCH_USER_PATHS = NO;
				CLANG_ANALYZER_LOCALIZABILITY_NONLOCALIZED = YES;
				CLANG_ANALYZER_NONNULL = YES;
				CLANG_ANALYZER_NUMBER_OBJECT_CONVERSION = YES_AGGRESSIVE;
				CLANG_CXX_LANGUAGE_STANDARD = "gnu++14";
				CLANG_CXX_LIBRARY = "libc++";
				CLANG_ENABLE_MODULES = YES;
				CLANG_ENABLE_OBJC_ARC = YES;
				CLANG_ENABLE_OBJC_WEAK = YES;
				CLANG_WARN_BLOCK_CAPTURE_AUTORELEASING = YES;
				CLANG_WARN_BOOL_CONVERSION = YES;
				CLANG_WARN_COMMA = YES;
				CLANG_WARN_CONSTANT_CONVERSION = YES;
				CLANG_WARN_DEPRECATED_OBJC_IMPLEMENTATIONS = YES;
				CLANG_WARN_DIRECT_OBJC_ISA_USAGE = YES_ERROR;
				CLANG_WARN_DOCUMENTATION_COMMENTS = YES;
				CLANG_WARN_EMPTY_BODY = YES;
				CLANG_WARN_ENUM_CONVERSION = YES;
				CLANG_WARN_INFINITE_RECURSION = YES;
				CLANG_WARN_INT_CONVERSION = YES;
				CLANG_WARN_NON_LITERAL_NULL_CONVERSION = YES;
				CLANG_WARN_OBJC_IMPLICIT_RETAIN_SELF = YES;
				CLANG_WARN_OBJC_LITERAL_CONVERSION = YES;
				CLANG_WARN_OBJC_ROOT_CLASS = YES_ERROR;
				CLANG_WARN_RANGE_LOOP_ANALYSIS = YES;
				CLANG_WARN_STRICT_PROTOTYPES = YES;
				CLANG_WARN_SUSPICIOUS_MOVE = YES;
				CLANG_WARN_UNGUARDED_AVAILABILITY = YES_AGGRESSIVE;
				CLANG_WARN_UNREACHABLE_CODE = YES;
				CLANG_WARN__DUPLICATE_METHOD_MATCH = YES;
				CODE_SIGN_IDENTITY = "iPhone Developer";
				COPY_PHASE_STRIP = NO;
				DEBUG_INFORMATION_FORMAT = "dwarf-with-dsym";
				ENABLE_NS_ASSERTIONS = NO;
				ENABLE_STRICT_OBJC_MSGSEND = YES;
				GCC_C_LANGUAGE_STANDARD = gnu11;
				GCC_NO_COMMON_BLOCKS = YES;
				GCC_WARN_64_TO_32_BIT_CONVERSION = YES;
				GCC_WARN_ABOUT_RETURN_TYPE = YES_ERROR;
				GCC_WARN_UNDECLARED_SELECTOR = YES;
				GCC_WARN_UNINITIALIZED_AUTOS = YES_AGGRESSIVE;
				GCC_WARN_UNUSED_FUNCTION = YES;
				GCC_WARN_UNUSED_VARIABLE = YES;
				IPHONEOS_DEPLOYMENT_TARGET = 12.2;
				MTL_ENABLE_DEBUG_INFO = NO;
				MTL_FAST_MATH = YES;
				SDKROOT = iphoneos;
				SWIFT_COMPILATION_MODE = wholemodule;
				SWIFT_OPTIMIZATION_LEVEL = "-O";
				VALIDATE_PRODUCT = YES;
			};
			name = Release;
		};
		AB081FA4229D4BDD00ACA4DD /* Debug */ = {
			isa = XCBuildConfiguration;
			baseConfigurationReference = 722A7FEC3BC40B5C09F0D0FB /* Pods-Tweaker.debug.xcconfig */;
			buildSettings = {
				ASSETCATALOG_COMPILER_APPICON_NAME = AppIcon;
				CODE_SIGN_STYLE = Automatic;
				DEVELOPMENT_TEAM = 8LGRDQBWN3;
				INFOPLIST_FILE = "$(SRCROOT)/Tweaker/Info.plist";
				IPHONEOS_DEPLOYMENT_TARGET = 11.0;
				LD_RUNPATH_SEARCH_PATHS = (
					"$(inherited)",
					"@executable_path/Frameworks",
				);
				PRODUCT_BUNDLE_IDENTIFIER = com.lakr233.Tweaker;
				PRODUCT_NAME = "$(TARGET_NAME)";
				SWIFT_VERSION = 5.0;
				TARGETED_DEVICE_FAMILY = 1;
			};
			name = Debug;
		};
		AB081FA5229D4BDD00ACA4DD /* Release */ = {
			isa = XCBuildConfiguration;
			baseConfigurationReference = B93A251A269A4588E99F3FED /* Pods-Tweaker.release.xcconfig */;
			buildSettings = {
				ASSETCATALOG_COMPILER_APPICON_NAME = AppIcon;
				CODE_SIGN_STYLE = Automatic;
				DEVELOPMENT_TEAM = 8LGRDQBWN3;
				INFOPLIST_FILE = "$(SRCROOT)/Tweaker/Info.plist";
				IPHONEOS_DEPLOYMENT_TARGET = 11.0;
				LD_RUNPATH_SEARCH_PATHS = (
					"$(inherited)",
					"@executable_path/Frameworks",
				);
				PRODUCT_BUNDLE_IDENTIFIER = com.lakr233.Tweaker;
				PRODUCT_NAME = "$(TARGET_NAME)";
				SWIFT_VERSION = 5.0;
				TARGETED_DEVICE_FAMILY = 1;
			};
			name = Release;
		};
/* End XCBuildConfiguration section */

/* Begin XCConfigurationList section */
		AB081F8C229D4BDC00ACA4DD /* Build configuration list for PBXProject "Tweaker" */ = {
			isa = XCConfigurationList;
			buildConfigurations = (
				AB081FA1229D4BDD00ACA4DD /* Debug */,
				AB081FA2229D4BDD00ACA4DD /* Release */,
			);
			defaultConfigurationIsVisible = 0;
			defaultConfigurationName = Release;
		};
		AB081FA3229D4BDD00ACA4DD /* Build configuration list for PBXNativeTarget "Tweaker" */ = {
			isa = XCConfigurationList;
			buildConfigurations = (
				AB081FA4229D4BDD00ACA4DD /* Debug */,
				AB081FA5229D4BDD00ACA4DD /* Release */,
			);
			defaultConfigurationIsVisible = 0;
			defaultConfigurationName = Release;
		};
/* End XCConfigurationList section */
	};
	rootObject = AB081F89229D4BDC00ACA4DD /* Project object */;
}
